
Microsoft Visual Studio Solution File, Format Version 12.00
# Visual Studio 15
VisualStudioVersion = 15.0.28306.52
MinimumVisualStudioVersion = 10.0.40219.1
Project("{FAE04EC0-301F-11D3-BF4B-00C04F79EFBC}") = "MyAoo", "MyAoo\MyAoo.csproj", "{CC93038B-0073-4355-A64E-B1DC58AE431E}"
EndProject
Global
	GlobalSection(SolutionConfigurationPlatforms) = preSolution
		Debug|Any CPU = Debug|Any CPU
		Release|Any CPU = Release|Any CPU
	EndGlobalSection
	GlobalSection(ProjectConfigurationPlatforms) = postSolution
		{CC93038B-0073-4355-A64E-B1DC58AE431E}.Debug|Any CPU.ActiveCfg = Debug|Any CPU
		{CC93038B-0073-4355-A64E-B1DC58AE431E}.Debug|Any CPU.Build.0 = Debug|Any CPU
		{CC93038B-0073-4355-A64E-B1DC58AE431E}.Release|Any CPU.ActiveCfg = Release|Any CPU
		{CC93038B-0073-4355-A64E-B1DC58AE431E}.Release|Any CPU.Build.0 = Release|Any CPU
	EndGlobalSection
	GlobalSection(SolutionProperties) = preSolution
		HideSolutionNode = FALSE
	EndGlobalSection
	GlobalSection(ExtensibilityGlobals) = postSolution
		SolutionGuid = {386993E8-CD0C-462B-8610-8E69A1D265C3}
	EndGlobalSection
EndGlobal
